
Microsoft Visual Studio Solution File, Format Version 12.00
# Visual Studio Version 17
VisualStudioVersion = 17.10.34928.147
MinimumVisualStudioVersion = 10.0.40219.1
Project("{9A19103F-16F7-4668-BE54-9A1E7A4F7556}") = "Audio", "Audio\Audio.csproj", "{5EC91011-E755-42FC-9912-2CA50E2F1375}"
EndProject
Project("{8BC9CEB8-8B4A-11D0-8D11-00A0C91BC942}") = "libbnkextr", "libbnkextr\libbnkextr.vcxproj", "{BBB0C49B-FE4A-4B2E-8FB3-72D54563C161}"
EndProject
Global
	GlobalSection(SolutionConfigurationPlatforms) = preSolution
		Debug|Any CPU = Debug|Any CPU
		Debug|x64 = Debug|x64
		Debug|x86 = Debug|x86
		Release|Any CPU = Release|Any CPU
		Release|x64 = Release|x64
		Release|x86 = Release|x86
	EndGlobalSection
	GlobalSection(ProjectConfigurationPlatforms) = postSolution
		{5EC91011-E755-42FC-9912-2CA50E2F1375}.Debug|Any CPU.ActiveCfg = Debug|Any CPU
		{5EC91011-E755-42FC-9912-2CA50E2F1375}.Debug|Any CPU.Build.0 = Debug|Any CPU
		{5EC91011-E755-42FC-9912-2CA50E2F1375}.Debug|x64.ActiveCfg = Debug|Any CPU
		{5EC91011-E755-42FC-9912-2CA50E2F1375}.Debug|x64.Build.0 = Debug|Any CPU
		{5EC91011-E755-42FC-9912-2CA50E2F1375}.Debug|x86.ActiveCfg = Debug|Any CPU
		{5EC91011-E755-42FC-9912-2CA50E2F1375}.Debug|x86.Build.0 = Debug|Any CPU
		{5EC91011-E755-42FC-9912-2CA50E2F1375}.Release|Any CPU.ActiveCfg = Release|Any CPU
		{5EC91011-E755-42FC-9912-2CA50E2F1375}.Release|Any CPU.Build.0 = Release|Any CPU
		{5EC91011-E755-42FC-9912-2CA50E2F1375}.Release|x64.ActiveCfg = Release|Any CPU
		{5EC91011-E755-42FC-9912-2CA50E2F1375}.Release|x64.Build.0 = Release|Any CPU
		{5EC91011-E755-42FC-9912-2CA50E2F1375}.Release|x86.ActiveCfg = Release|Any CPU
		{5EC91011-E755-42FC-9912-2CA50E2F1375}.Release|x86.Build.0 = Release|Any CPU
		{BBB0C49B-FE4A-4B2E-8FB3-72D54563C161}.Debug|Any CPU.ActiveCfg = Debug|x64
		{BBB0C49B-FE4A-4B2E-8FB3-72D54563C161}.Debug|Any CPU.Build.0 = Debug|x64
		{BBB0C49B-FE4A-4B2E-8FB3-72D54563C161}.Debug|x64.ActiveCfg = Debug|x64
		{BBB0C49B-FE4A-4B2E-8FB3-72D54563C161}.Debug|x64.Build.0 = Debug|x64
		{BBB0C49B-FE4A-4B2E-8FB3-72D54563C161}.Debug|x86.ActiveCfg = Debug|Win32
		{BBB0C49B-FE4A-4B2E-8FB3-72D54563C161}.Debug|x86.Build.0 = Debug|Win32
		{BBB0C49B-FE4A-4B2E-8FB3-72D54563C161}.Release|Any CPU.ActiveCfg = Release|x64
		{BBB0C49B-FE4A-4B2E-8FB3-72D54563C161}.Release|Any CPU.Build.0 = Release|x64
		{BBB0C49B-FE4A-4B2E-8FB3-72D54563C161}.Release|x64.ActiveCfg = Release|x64
		{BBB0C49B-FE4A-4B2E-8FB3-72D54563C161}.Release|x64.Build.0 = Release|x64
		{BBB0C49B-FE4A-4B2E-8FB3-72D54563C161}.Release|x86.ActiveCfg = Release|Win32
		{BBB0C49B-FE4A-4B2E-8FB3-72D54563C161}.Release|x86.Build.0 = Release|Win32
	EndGlobalSection
	GlobalSection(SolutionProperties) = preSolution
		HideSolutionNode = FALSE
	EndGlobalSection
	GlobalSection(ExtensibilityGlobals) = postSolution
		SolutionGuid = {1EF7EE30-ECD4-4CC6-977F-CC39B1C12F17}
	EndGlobalSection
EndGlobal
